
Microsoft Visual Studio Solution File, Format Version 12.00
# Visual Studio Version 17
VisualStudioVersion = 17.10.34825.169
MinimumVisualStudioVersion = 10.0.40219.1
Project("{9A19103F-16F7-4668-BE54-9A1E7A4F7556}") = "CLEAN_ARCHITECTURE_PROFESSIONAL.SERVICE", "CLEAN_ARQUITECTURE_PROFESSIONAL\CLEAN_ARCHITECTURE_PROFESSIONAL.SERVICE.csproj", "{1883309A-911F-4FE7-AF19-6ECE82A70800}"
EndProject
Project("{9A19103F-16F7-4668-BE54-9A1E7A4F7556}") = "CLEAN_ARQ_PROF.DOMAIN", "CLEAN_ARQ_PROF.DOMAIN\CLEAN_ARQ_PROF.DOMAIN.csproj", "{BEAC8698-148D-436F-8B51-A6AED23E6F80}"
EndProject
Project("{9A19103F-16F7-4668-BE54-9A1E7A4F7556}") = "CLEAN_ARQ_PROF.APPLICATION", "CLEAN_ARQ_PROF.APPLICATION\CLEAN_ARQ_PROF.APPLICATION.csproj", "{35DB0780-25C9-4E92-81D9-05ED96761988}"
EndProject
Project("{9A19103F-16F7-4668-BE54-9A1E7A4F7556}") = "CLEAN_ARQ_PROF.INFRASTRUCTURE", "CLEAN_ARQ_PROF.INFRASTRUCTURE\CLEAN_ARQ_PROF.INFRASTRUCTURE.csproj", "{3DB3E130-667A-4C74-9CED-F76890C67756}"
EndProject
Project("{FAE04EC0-301F-11D3-BF4B-00C04F79EFBC}") = "CQRS", "CQRS\CQRS.csproj", "{098DDA6E-F861-467E-9CB7-AE83EFBD895F}"
EndProject
Project("{2150E333-8FDC-42A3-9474-1A3956D46DE8}") = "Application", "Application", "{04A7E71C-5811-422E-9107-6D75D4FAA204}"
EndProject
Project("{2150E333-8FDC-42A3-9474-1A3956D46DE8}") = "Domain", "Domain", "{C55A4564-FAC6-4EA4-8EC6-17C366161262}"
EndProject
Project("{2150E333-8FDC-42A3-9474-1A3956D46DE8}") = "Infrastructure", "Infrastructure", "{994A5B00-793F-4445-99C7-48C92BFB279A}"
EndProject
Project("{2150E333-8FDC-42A3-9474-1A3956D46DE8}") = "Presentation", "Presentation", "{CFF01CC0-658B-4BE9-B2B5-EDED05281EC3}"
EndProject
Global
	GlobalSection(SolutionConfigurationPlatforms) = preSolution
		Debug|Any CPU = Debug|Any CPU
		Release|Any CPU = Release|Any CPU
	EndGlobalSection
	GlobalSection(ProjectConfigurationPlatforms) = postSolution
		{1883309A-911F-4FE7-AF19-6ECE82A70800}.Debug|Any CPU.ActiveCfg = Debug|Any CPU
		{1883309A-911F-4FE7-AF19-6ECE82A70800}.Debug|Any CPU.Build.0 = Debug|Any CPU
		{1883309A-911F-4FE7-AF19-6ECE82A70800}.Release|Any CPU.ActiveCfg = Release|Any CPU
		{1883309A-911F-4FE7-AF19-6ECE82A70800}.Release|Any CPU.Build.0 = Release|Any CPU
		{BEAC8698-148D-436F-8B51-A6AED23E6F80}.Debug|Any CPU.ActiveCfg = Debug|Any CPU
		{BEAC8698-148D-436F-8B51-A6AED23E6F80}.Debug|Any CPU.Build.0 = Debug|Any CPU
		{BEAC8698-148D-436F-8B51-A6AED23E6F80}.Release|Any CPU.ActiveCfg = Release|Any CPU
		{BEAC8698-148D-436F-8B51-A6AED23E6F80}.Release|Any CPU.Build.0 = Release|Any CPU
		{35DB0780-25C9-4E92-81D9-05ED96761988}.Debug|Any CPU.ActiveCfg = Debug|Any CPU
		{35DB0780-25C9-4E92-81D9-05ED96761988}.Debug|Any CPU.Build.0 = Debug|Any CPU
		{35DB0780-25C9-4E92-81D9-05ED96761988}.Release|Any CPU.ActiveCfg = Release|Any CPU
		{35DB0780-25C9-4E92-81D9-05ED96761988}.Release|Any CPU.Build.0 = Release|Any CPU
		{3DB3E130-667A-4C74-9CED-F76890C67756}.Debug|Any CPU.ActiveCfg = Debug|Any CPU
		{3DB3E130-667A-4C74-9CED-F76890C67756}.Debug|Any CPU.Build.0 = Debug|Any CPU
		{3DB3E130-667A-4C74-9CED-F76890C67756}.Release|Any CPU.ActiveCfg = Release|Any CPU
		{3DB3E130-667A-4C74-9CED-F76890C67756}.Release|Any CPU.Build.0 = Release|Any CPU
		{098DDA6E-F861-467E-9CB7-AE83EFBD895F}.Debug|Any CPU.ActiveCfg = Debug|Any CPU
		{098DDA6E-F861-467E-9CB7-AE83EFBD895F}.Debug|Any CPU.Build.0 = Debug|Any CPU
		{098DDA6E-F861-467E-9CB7-AE83EFBD895F}.Release|Any CPU.ActiveCfg = Release|Any CPU
		{098DDA6E-F861-467E-9CB7-AE83EFBD895F}.Release|Any CPU.Build.0 = Release|Any CPU
	EndGlobalSection
	GlobalSection(SolutionProperties) = preSolution
		HideSolutionNode = FALSE
	EndGlobalSection
	GlobalSection(NestedProjects) = preSolution
		{1883309A-911F-4FE7-AF19-6ECE82A70800} = {CFF01CC0-658B-4BE9-B2B5-EDED05281EC3}
		{BEAC8698-148D-436F-8B51-A6AED23E6F80} = {C55A4564-FAC6-4EA4-8EC6-17C366161262}
		{35DB0780-25C9-4E92-81D9-05ED96761988} = {04A7E71C-5811-422E-9107-6D75D4FAA204}
		{3DB3E130-667A-4C74-9CED-F76890C67756} = {994A5B00-793F-4445-99C7-48C92BFB279A}
	EndGlobalSection
	GlobalSection(ExtensibilityGlobals) = postSolution
		SolutionGuid = {531A15D0-624D-4F50-9BCA-3A814E03A7A9}
	EndGlobalSection
EndGlobal
